
Microsoft Visual Studio Solution File, Format Version 12.00
# Visual Studio Version 17
VisualStudioVersion = 17.7.34031.279
MinimumVisualStudioVersion = 10.0.40219.1
Project("{9A19103F-16F7-4668-BE54-9A1E7A4F7556}") = "SGD", "SGD.csproj", "{49C475A3-2346-4835-AE17-14DFACF0E22C}"
EndProject
Global
	GlobalSection(SolutionConfigurationPlatforms) = preSolution
		Debug|Any CPU = Debug|Any CPU
		Release|Any CPU = Release|Any CPU
	EndGlobalSection
	GlobalSection(ProjectConfigurationPlatforms) = postSolution
		{49C475A3-2346-4835-AE17-14DFACF0E22C}.Debug|Any CPU.ActiveCfg = Debug|Any CPU
		{49C475A3-2346-4835-AE17-14DFACF0E22C}.Debug|Any CPU.Build.0 = Debug|Any CPU
		{49C475A3-2346-4835-AE17-14DFACF0E22C}.Release|Any CPU.ActiveCfg = Release|Any CPU
		{49C475A3-2346-4835-AE17-14DFACF0E22C}.Release|Any CPU.Build.0 = Release|Any CPU
	EndGlobalSection
	GlobalSection(SolutionProperties) = preSolution
		HideSolutionNode = FALSE
	EndGlobalSection
	GlobalSection(ExtensibilityGlobals) = postSolution
		SolutionGuid = {F9A50F8B-2564-4A30-92E2-2BC8BB210922}
	EndGlobalSection
EndGlobal
